
Microsoft Visual Studio Solution File, Format Version 11.00
# Visual Studio 2010
Project("{FAE04EC0-301F-11D3-BF4B-00C04F79EFBC}") = "OopFactory.X12", "src\OopFactory.X12\OopFactory.X12.csproj", "{AFE1BBBC-B957-461C-9022-B45D3DB117C9}"
EndProject
Project("{FAE04EC0-301F-11D3-BF4B-00C04F79EFBC}") = "OopFactory.X12.X12Parser", "src\OopFactory.X12.X12Parser\OopFactory.X12.X12Parser.csproj", "{19307F16-3D8C-4E4D-8903-8BAD12EDAE78}"
EndProject
Project("{2150E333-8FDC-42A3-9474-1A3956D46DE8}") = "Solution Items", "Solution Items", "{57B7B5ED-5C3D-464D-B67C-7623BBBA8AC0}"
	ProjectSection(SolutionItems) = preProject
		Local.testsettings = Local.testsettings
		OopFactory.X12.vsmdi = OopFactory.X12.vsmdi
		TraceAndTestImpact.testsettings = TraceAndTestImpact.testsettings
	EndProjectSection
EndProject
Project("{FAE04EC0-301F-11D3-BF4B-00C04F79EFBC}") = "OopFactory.X12.Tests.Unit", "tests\OopFactory.X12.Tests.Unit\OopFactory.X12.Tests.Unit.csproj", "{CE09ACD3-898F-467D-BA43-3FDF181A51AE}"
EndProject
Project("{FAE04EC0-301F-11D3-BF4B-00C04F79EFBC}") = "OopFactory.X12.Transformations", "src\OopFactory.X12.Transformations\OopFactory.X12.Transformations.csproj", "{BF6B3A31-6F1D-4C74-BDF6-00958D3BB83D}"
EndProject
Project("{FAE04EC0-301F-11D3-BF4B-00C04F79EFBC}") = "OopFactory.X12.Rendering", "src\OopFactory.X12.Rendering\OopFactory.X12.Rendering.csproj", "{77668BB6-B01C-4B07-A8F6-0956265387C0}"
EndProject
Project("{FAE04EC0-301F-11D3-BF4B-00C04F79EFBC}") = "OopFactory.X12.UnbundleX12", "OopFactory.X12.UnbundleX12\OopFactory.X12.UnbundleX12.csproj", "{84527618-2CC2-4C14-8C0D-09012C4E12AD}"
EndProject
Global
	GlobalSection(TeamFoundationVersionControl) = preSolution
		SccNumberOfProjects = 7
		SccEnterpriseProvider = {4CA58AB2-18FA-4F8D-95D4-32DDF27D184C}
		SccTeamFoundationServer = https://tfs.codeplex.com/tfs/tfs11
		SccLocalPath0 = .
		SccProjectUniqueName1 = src\\OopFactory.X12\\OopFactory.X12.csproj
		SccProjectName1 = src/OopFactory.X12
		SccLocalPath1 = src\\OopFactory.X12
		SccProjectUniqueName2 = src\\OopFactory.X12.X12Parser\\OopFactory.X12.X12Parser.csproj
		SccProjectName2 = src/OopFactory.X12.X12Parser
		SccLocalPath2 = src\\OopFactory.X12.X12Parser
		SccProjectUniqueName3 = tests\\OopFactory.X12.Tests.Unit\\OopFactory.X12.Tests.Unit.csproj
		SccProjectName3 = tests/OopFactory.X12.Tests.Unit
		SccLocalPath3 = tests\\OopFactory.X12.Tests.Unit
		SccProjectUniqueName4 = src\\OopFactory.X12.Transformations\\OopFactory.X12.Transformations.csproj
		SccProjectName4 = src/OopFactory.X12.Transformations
		SccLocalPath4 = src\\OopFactory.X12.Transformations
		SccProjectUniqueName5 = src\\OopFactory.X12.Rendering\\OopFactory.X12.Rendering.csproj
		SccProjectName5 = src/OopFactory.X12.Rendering
		SccLocalPath5 = src\\OopFactory.X12.Rendering
		SccProjectUniqueName6 = OopFactory.X12.UnbundleX12\\OopFactory.X12.UnbundleX12.csproj
		SccProjectName6 = OopFactory.X12.UnbundleX12
		SccLocalPath6 = OopFactory.X12.UnbundleX12
	EndGlobalSection
	GlobalSection(TestCaseManagementSettings) = postSolution
		CategoryFile = OopFactory.X12.vsmdi
	EndGlobalSection
	GlobalSection(SolutionConfigurationPlatforms) = preSolution
		Debug|Any CPU = Debug|Any CPU
		Debug|Mixed Platforms = Debug|Mixed Platforms
		Debug|x86 = Debug|x86
		Release|Any CPU = Release|Any CPU
		Release|Mixed Platforms = Release|Mixed Platforms
		Release|x86 = Release|x86
	EndGlobalSection
	GlobalSection(ProjectConfigurationPlatforms) = postSolution
		{AFE1BBBC-B957-461C-9022-B45D3DB117C9}.Debug|Any CPU.ActiveCfg = Debug|Any CPU
		{AFE1BBBC-B957-461C-9022-B45D3DB117C9}.Debug|Any CPU.Build.0 = Debug|Any CPU
		{AFE1BBBC-B957-461C-9022-B45D3DB117C9}.Debug|Mixed Platforms.ActiveCfg = Debug|Any CPU
		{AFE1BBBC-B957-461C-9022-B45D3DB117C9}.Debug|Mixed Platforms.Build.0 = Debug|Any CPU
		{AFE1BBBC-B957-461C-9022-B45D3DB117C9}.Debug|x86.ActiveCfg = Debug|Any CPU
		{AFE1BBBC-B957-461C-9022-B45D3DB117C9}.Release|Any CPU.ActiveCfg = Release|Any CPU
		{AFE1BBBC-B957-461C-9022-B45D3DB117C9}.Release|Any CPU.Build.0 = Release|Any CPU
		{AFE1BBBC-B957-461C-9022-B45D3DB117C9}.Release|Mixed Platforms.ActiveCfg = Release|Any CPU
		{AFE1BBBC-B957-461C-9022-B45D3DB117C9}.Release|Mixed Platforms.Build.0 = Release|Any CPU
		{AFE1BBBC-B957-461C-9022-B45D3DB117C9}.Release|x86.ActiveCfg = Release|Any CPU
		{19307F16-3D8C-4E4D-8903-8BAD12EDAE78}.Debug|Any CPU.ActiveCfg = Debug|x86
		{19307F16-3D8C-4E4D-8903-8BAD12EDAE78}.Debug|Mixed Platforms.ActiveCfg = Debug|x86
		{19307F16-3D8C-4E4D-8903-8BAD12EDAE78}.Debug|Mixed Platforms.Build.0 = Debug|x86
		{19307F16-3D8C-4E4D-8903-8BAD12EDAE78}.Debug|x86.ActiveCfg = Debug|x86
		{19307F16-3D8C-4E4D-8903-8BAD12EDAE78}.Debug|x86.Build.0 = Debug|x86
		{19307F16-3D8C-4E4D-8903-8BAD12EDAE78}.Release|Any CPU.ActiveCfg = Release|x86
		{19307F16-3D8C-4E4D-8903-8BAD12EDAE78}.Release|Mixed Platforms.ActiveCfg = Release|x86
		{19307F16-3D8C-4E4D-8903-8BAD12EDAE78}.Release|Mixed Platforms.Build.0 = Release|x86
		{19307F16-3D8C-4E4D-8903-8BAD12EDAE78}.Release|x86.ActiveCfg = Release|x86
		{19307F16-3D8C-4E4D-8903-8BAD12EDAE78}.Release|x86.Build.0 = Release|x86
		{CE09ACD3-898F-467D-BA43-3FDF181A51AE}.Debug|Any CPU.ActiveCfg = Debug|Any CPU
		{CE09ACD3-898F-467D-BA43-3FDF181A51AE}.Debug|Any CPU.Build.0 = Debug|Any CPU
		{CE09ACD3-898F-467D-BA43-3FDF181A51AE}.Debug|Mixed Platforms.ActiveCfg = Debug|Any CPU
		{CE09ACD3-898F-467D-BA43-3FDF181A51AE}.Debug|Mixed Platforms.Build.0 = Debug|Any CPU
		{CE09ACD3-898F-467D-BA43-3FDF181A51AE}.Debug|x86.ActiveCfg = Debug|Any CPU
		{CE09ACD3-898F-467D-BA43-3FDF181A51AE}.Release|Any CPU.ActiveCfg = Release|Any CPU
		{CE09ACD3-898F-467D-BA43-3FDF181A51AE}.Release|Any CPU.Build.0 = Release|Any CPU
		{CE09ACD3-898F-467D-BA43-3FDF181A51AE}.Release|Mixed Platforms.ActiveCfg = Release|Any CPU
		{CE09ACD3-898F-467D-BA43-3FDF181A51AE}.Release|Mixed Platforms.Build.0 = Release|Any CPU
		{CE09ACD3-898F-467D-BA43-3FDF181A51AE}.Release|x86.ActiveCfg = Release|Any CPU
		{BF6B3A31-6F1D-4C74-BDF6-00958D3BB83D}.Debug|Any CPU.ActiveCfg = Debug|Any CPU
		{BF6B3A31-6F1D-4C74-BDF6-00958D3BB83D}.Debug|Any CPU.Build.0 = Debug|Any CPU
		{BF6B3A31-6F1D-4C74-BDF6-00958D3BB83D}.Debug|Mixed Platforms.ActiveCfg = Debug|Any CPU
		{BF6B3A31-6F1D-4C74-BDF6-00958D3BB83D}.Debug|Mixed Platforms.Build.0 = Debug|Any CPU
		{BF6B3A31-6F1D-4C74-BDF6-00958D3BB83D}.Debug|x86.ActiveCfg = Debug|Any CPU
		{BF6B3A31-6F1D-4C74-BDF6-00958D3BB83D}.Release|Any CPU.ActiveCfg = Release|Any CPU
		{BF6B3A31-6F1D-4C74-BDF6-00958D3BB83D}.Release|Any CPU.Build.0 = Release|Any CPU
		{BF6B3A31-6F1D-4C74-BDF6-00958D3BB83D}.Release|Mixed Platforms.ActiveCfg = Release|Any CPU
		{BF6B3A31-6F1D-4C74-BDF6-00958D3BB83D}.Release|Mixed Platforms.Build.0 = Release|Any CPU
		{BF6B3A31-6F1D-4C74-BDF6-00958D3BB83D}.Release|x86.ActiveCfg = Release|Any CPU
		{77668BB6-B01C-4B07-A8F6-0956265387C0}.Debug|Any CPU.ActiveCfg = Debug|Any CPU
		{77668BB6-B01C-4B07-A8F6-0956265387C0}.Debug|Any CPU.Build.0 = Debug|Any CPU
		{77668BB6-B01C-4B07-A8F6-0956265387C0}.Debug|Mixed Platforms.ActiveCfg = Debug|Any CPU
		{77668BB6-B01C-4B07-A8F6-0956265387C0}.Debug|Mixed Platforms.Build.0 = Debug|Any CPU
		{77668BB6-B01C-4B07-A8F6-0956265387C0}.Debug|x86.ActiveCfg = Debug|Any CPU
		{77668BB6-B01C-4B07-A8F6-0956265387C0}.Release|Any CPU.ActiveCfg = Release|Any CPU
		{77668BB6-B01C-4B07-A8F6-0956265387C0}.Release|Any CPU.Build.0 = Release|Any CPU
		{77668BB6-B01C-4B07-A8F6-0956265387C0}.Release|Mixed Platforms.ActiveCfg = Release|Any CPU
		{77668BB6-B01C-4B07-A8F6-0956265387C0}.Release|Mixed Platforms.Build.0 = Release|Any CPU
		{77668BB6-B01C-4B07-A8F6-0956265387C0}.Release|x86.ActiveCfg = Release|Any CPU
		{84527618-2CC2-4C14-8C0D-09012C4E12AD}.Debug|Any CPU.ActiveCfg = Debug|x86
		{84527618-2CC2-4C14-8C0D-09012C4E12AD}.Debug|Mixed Platforms.ActiveCfg = Debug|x86
		{84527618-2CC2-4C14-8C0D-09012C4E12AD}.Debug|Mixed Platforms.Build.0 = Debug|x86
		{84527618-2CC2-4C14-8C0D-09012C4E12AD}.Debug|x86.ActiveCfg = Debug|x86
		{84527618-2CC2-4C14-8C0D-09012C4E12AD}.Debug|x86.Build.0 = Debug|x86
		{84527618-2CC2-4C14-8C0D-09012C4E12AD}.Release|Any CPU.ActiveCfg = Release|x86
		{84527618-2CC2-4C14-8C0D-09012C4E12AD}.Release|Mixed Platforms.ActiveCfg = Release|x86
		{84527618-2CC2-4C14-8C0D-09012C4E12AD}.Release|Mixed Platforms.Build.0 = Release|x86
		{84527618-2CC2-4C14-8C0D-09012C4E12AD}.Release|x86.ActiveCfg = Release|x86
		{84527618-2CC2-4C14-8C0D-09012C4E12AD}.Release|x86.Build.0 = Release|x86
	EndGlobalSection
	GlobalSection(SolutionProperties) = preSolution
		HideSolutionNode = FALSE
	EndGlobalSection
EndGlobal
